
Microsoft Visual Studio Solution File, Format Version 12.00
# Visual Studio Version 17
VisualStudioVersion = 17.5.33414.496
MinimumVisualStudioVersion = 10.0.40219.1
Project("{FAE04EC0-301F-11D3-BF4B-00C04F79EFBC}") = "PresentacionGUI", "PresentacionGUI\PresentacionGUI.csproj", "{09D31FD4-FEC3-4476-B12C-072877FD3F28}"
EndProject
Project("{FAE04EC0-301F-11D3-BF4B-00C04F79EFBC}") = "Logica", "Logica\Logica\Logica.csproj", "{B2FD4C31-624B-4589-A9BD-66F9FDA72992}"
EndProject
Project("{FAE04EC0-301F-11D3-BF4B-00C04F79EFBC}") = "Entidades", "Entidades\Entidades\Entidades.csproj", "{C177B3AF-AC4E-4AD6-ABC8-24D0D874C7DA}"
EndProject
Project("{FAE04EC0-301F-11D3-BF4B-00C04F79EFBC}") = "Datos", "Datos\Datos\Datos.csproj", "{4A01E889-A23C-425C-B14C-9912195695AF}"
EndProject
Global
	GlobalSection(SolutionConfigurationPlatforms) = preSolution
		Debug|Any CPU = Debug|Any CPU
		Release|Any CPU = Release|Any CPU
	EndGlobalSection
	GlobalSection(ProjectConfigurationPlatforms) = postSolution
		{09D31FD4-FEC3-4476-B12C-072877FD3F28}.Debug|Any CPU.ActiveCfg = Debug|Any CPU
		{09D31FD4-FEC3-4476-B12C-072877FD3F28}.Debug|Any CPU.Build.0 = Debug|Any CPU
		{09D31FD4-FEC3-4476-B12C-072877FD3F28}.Release|Any CPU.ActiveCfg = Release|Any CPU
		{09D31FD4-FEC3-4476-B12C-072877FD3F28}.Release|Any CPU.Build.0 = Release|Any CPU
		{B2FD4C31-624B-4589-A9BD-66F9FDA72992}.Debug|Any CPU.ActiveCfg = Debug|Any CPU
		{B2FD4C31-624B-4589-A9BD-66F9FDA72992}.Debug|Any CPU.Build.0 = Debug|Any CPU
		{B2FD4C31-624B-4589-A9BD-66F9FDA72992}.Release|Any CPU.ActiveCfg = Release|Any CPU
		{B2FD4C31-624B-4589-A9BD-66F9FDA72992}.Release|Any CPU.Build.0 = Release|Any CPU
		{C177B3AF-AC4E-4AD6-ABC8-24D0D874C7DA}.Debug|Any CPU.ActiveCfg = Debug|Any CPU
		{C177B3AF-AC4E-4AD6-ABC8-24D0D874C7DA}.Debug|Any CPU.Build.0 = Debug|Any CPU
		{C177B3AF-AC4E-4AD6-ABC8-24D0D874C7DA}.Release|Any CPU.ActiveCfg = Release|Any CPU
		{C177B3AF-AC4E-4AD6-ABC8-24D0D874C7DA}.Release|Any CPU.Build.0 = Release|Any CPU
		{4A01E889-A23C-425C-B14C-9912195695AF}.Debug|Any CPU.ActiveCfg = Debug|Any CPU
		{4A01E889-A23C-425C-B14C-9912195695AF}.Debug|Any CPU.Build.0 = Debug|Any CPU
		{4A01E889-A23C-425C-B14C-9912195695AF}.Release|Any CPU.ActiveCfg = Release|Any CPU
		{4A01E889-A23C-425C-B14C-9912195695AF}.Release|Any CPU.Build.0 = Release|Any CPU
	EndGlobalSection
	GlobalSection(SolutionProperties) = preSolution
		HideSolutionNode = FALSE
	EndGlobalSection
	GlobalSection(ExtensibilityGlobals) = postSolution
		SolutionGuid = {2158F1E2-9874-4F51-8FA7-0486D5AB9040}
	EndGlobalSection
EndGlobal
